// !$*UTF8*$!
{
	archiveVersion = 1;
	classes = {
	};
	objectVersion = 50;
	objects = {

/* Begin PBXBuildFile section */
		1637931F2583A592005261EB /* Powerup.wav in Resources */ = {isa = PBXBuildFile; fileRef = 1637931B2583A592005261EB /* Powerup.wav */; };
		163793202583A592005261EB /* Bump.wav in Resources */ = {isa = PBXBuildFile; fileRef = 1637931C2583A592005261EB /* Bump.wav */; };
		163793212583A592005261EB /* Reset.wav in Resources */ = {isa = PBXBuildFile; fileRef = 1637931D2583A592005261EB /* Reset.wav */; };
		163793222583A592005261EB /* GameOver.wav in Resources */ = {isa = PBXBuildFile; fileRef = 1637931E2583A592005261EB /* GameOver.wav */; };
		1637932B2583A7B9005261EB /* SCNVector3+Extensions.swift in Sources */ = {isa = PBXBuildFile; fileRef = 163793262583A7B9005261EB /* SCNVector3+Extensions.swift */; };
		1637932C2583A7B9005261EB /* GameUtils.swift in Sources */ = {isa = PBXBuildFile; fileRef = 163793272583A7B9005261EB /* GameUtils.swift */; };
		1637932D2583A7B9005261EB /* GameHelper.swift in Sources */ = {isa = PBXBuildFile; fileRef = 163793282583A7B9005261EB /* GameHelper.swift */; };
		1637932E2583A7B9005261EB /* SCNAction+Extensions.swift in Sources */ = {isa = PBXBuildFile; fileRef = 163793292583A7B9005261EB /* SCNAction+Extensions.swift */; };
		1637932F2583A7B9005261EB /* CoreMotionHelper.swift in Sources */ = {isa = PBXBuildFile; fileRef = 1637932A2583A7B9005261EB /* CoreMotionHelper.swift */; };
		165A27E8258355A100233CA9 /* AppDelegate.swift in Sources */ = {isa = PBXBuildFile; fileRef = 165A27E7258355A100233CA9 /* AppDelegate.swift */; };
		165A27EC258355A100233CA9 /* GameViewController.swift in Sources */ = {isa = PBXBuildFile; fileRef = 165A27EB258355A100233CA9 /* GameViewController.swift */; };
		165A27EF258355A100233CA9 /* Main.storyboard in Resources */ = {isa = PBXBuildFile; fileRef = 165A27ED258355A100233CA9 /* Main.storyboard */; };
		165A27F1258355A300233CA9 /* Assets.xcassets in Resources */ = {isa = PBXBuildFile; fileRef = 165A27F0258355A300233CA9 /* Assets.xcassets */; };
		165A27FE2583714500233CA9 /* art.scnassets in Resources */ = {isa = PBXBuildFile; fileRef = 165A27FD2583714500233CA9 /* art.scnassets */; };
/* End PBXBuildFile section */

/* Begin PBXFileReference section */
		1637931B2583A592005261EB /* Powerup.wav */ = {isa = PBXFileReference; lastKnownFileType = audio.wav; path = Powerup.wav; sourceTree = "<group>"; };
		1637931C2583A592005261EB /* Bump.wav */ = {isa = PBXFileReference; lastKnownFileType = audio.wav; path = Bump.wav; sourceTree = "<group>"; };
		1637931D2583A592005261EB /* Reset.wav */ = {isa = PBXFileReference; lastKnownFileType = audio.wav; path = Reset.wav; sourceTree = "<group>"; };
		1637931E2583A592005261EB /* GameOver.wav */ = {isa = PBXFileReference; lastKnownFileType = audio.wav; path = GameOver.wav; sourceTree = "<group>"; };
		163793262583A7B9005261EB /* SCNVector3+Extensions.swift */ = {isa = PBXFileReference; fileEncoding = 4; lastKnownFileType = sourcecode.swift; path = "SCNVector3+Extensions.swift"; sourceTree = "<group>"; };
		163793272583A7B9005261EB /* GameUtils.swift */ = {isa = PBXFileReference; fileEncoding = 4; lastKnownFileType = sourcecode.swift; path = GameUtils.swift; sourceTree = "<group>"; };
		163793282583A7B9005261EB /* GameHelper.swift */ = {isa = PBXFileReference; fileEncoding = 4; lastKnownFileType = sourcecode.swift; path = GameHelper.swift; sourceTree = "<group>"; };
		163793292583A7B9005261EB /* SCNAction+Extensions.swift */ = {isa = PBXFileReference; fileEncoding = 4; lastKnownFileType = sourcecode.swift; path = "SCNAction+Extensions.swift"; sourceTree = "<group>"; };
		1637932A2583A7B9005261EB /* CoreMotionHelper.swift */ = {isa = PBXFileReference; fileEncoding = 4; lastKnownFileType = sourcecode.swift; path = CoreMotionHelper.swift; sourceTree = "<group>"; };
		165A27E4258355A100233CA9 /* Marble Maze.app */ = {isa = PBXFileReference; explicitFileType = wrapper.application; includeInIndex = 0; path = "Marble Maze.app"; sourceTree = BUILT_PRODUCTS_DIR; };
		165A27E7258355A100233CA9 /* AppDelegate.swift */ = {isa = PBXFileReference; lastKnownFileType = sourcecode.swift; path = AppDelegate.swift; sourceTree = "<group>"; };
		165A27EB258355A100233CA9 /* GameViewController.swift */ = {isa = PBXFileReference; lastKnownFileType = sourcecode.swift; path = GameViewController.swift; sourceTree = "<group>"; };
		165A27EE258355A100233CA9 /* Base */ = {isa = PBXFileReference; lastKnownFileType = file.storyboard; name = Base; path = Base.lproj/Main.storyboard; sourceTree = "<group>"; };
		165A27F0258355A300233CA9 /* Assets.xcassets */ = {isa = PBXFileReference; lastKnownFileType = folder.assetcatalog; path = Assets.xcassets; sourceTree = "<group>"; };
		165A27F2258355A300233CA9 /* Info.plist */ = {isa = PBXFileReference; lastKnownFileType = text.plist.xml; path = Info.plist; sourceTree = "<group>"; };
		165A27FD2583714500233CA9 /* art.scnassets */ = {isa = PBXFileReference; lastKnownFileType = wrapper.scnassets; path = art.scnassets; sourceTree = "<group>"; };
/* End PBXFileReference section */

/* Begin PBXFrameworksBuildPhase section */
		165A27E1258355A100233CA9 /* Frameworks */ = {
			isa = PBXFrameworksBuildPhase;
			buildActionMask = 2147483647;
			files = (
			);
			runOnlyForDeploymentPostprocessing = 0;
		};
/* End PBXFrameworksBuildPhase section */

/* Begin PBXGroup section */
		1637931A2583A592005261EB /* Sounds */ = {
			isa = PBXGroup;
			children = (
				1637931B2583A592005261EB /* Powerup.wav */,
				1637931C2583A592005261EB /* Bump.wav */,
				1637931D2583A592005261EB /* Reset.wav */,
				1637931E2583A592005261EB /* GameOver.wav */,
			);
			path = Sounds;
			sourceTree = "<group>";
		};
		163793252583A7B9005261EB /* GameUtils */ = {
			isa = PBXGroup;
			children = (
				163793262583A7B9005261EB /* SCNVector3+Extensions.swift */,
				163793272583A7B9005261EB /* GameUtils.swift */,
				163793282583A7B9005261EB /* GameHelper.swift */,
				163793292583A7B9005261EB /* SCNAction+Extensions.swift */,
				1637932A2583A7B9005261EB /* CoreMotionHelper.swift */,
			);
			path = GameUtils;
			sourceTree = "<group>";
		};
		165A27DB258355A100233CA9 = {
			isa = PBXGroup;
			children = (
				165A27E6258355A100233CA9 /* Marble Maze */,
				165A27E5258355A100233CA9 /* Products */,
			);
			sourceTree = "<group>";
		};
		165A27E5258355A100233CA9 /* Products */ = {
			isa = PBXGroup;
			children = (
				165A27E4258355A100233CA9 /* Marble Maze.app */,
			);
			name = Products;
			sourceTree = "<group>";
		};
		165A27E6258355A100233CA9 /* Marble Maze */ = {
			isa = PBXGroup;
			children = (
				165A27FD2583714500233CA9 /* art.scnassets */,
				1637931A2583A592005261EB /* Sounds */,
				163793252583A7B9005261EB /* GameUtils */,
				165A27E7258355A100233CA9 /* AppDelegate.swift */,
				165A27EB258355A100233CA9 /* GameViewController.swift */,
				165A27ED258355A100233CA9 /* Main.storyboard */,
				165A27F0258355A300233CA9 /* Assets.xcassets */,
				165A27F2258355A300233CA9 /* Info.plist */,
			);
			path = "Marble Maze";
			sourceTree = "<group>";
		};
/* End PBXGroup section */

/* Begin PBXNativeTarget section */
		165A27E3258355A100233CA9 /* Marble Maze */ = {
			isa = PBXNativeTarget;
			buildConfigurationList = 165A27F5258355A300233CA9 /* Build configuration list for PBXNativeTarget "Marble Maze" */;
			buildPhases = (
				165A27E0258355A100233CA9 /* Sources */,
				165A27E1258355A100233CA9 /* Frameworks */,
				165A27E2258355A100233CA9 /* Resources */,
			);
			buildRules = (
			);
			dependencies = (
			);
			name = "Marble Maze";
			productName = "Marble Maze";
			productReference = 165A27E4258355A100233CA9 /* Marble Maze.app */;
			productType = "com.apple.product-type.application";
		};
/* End PBXNativeTarget section */

/* Begin PBXProject section */
		165A27DC258355A100233CA9 /* Project object */ = {
			isa = PBXProject;
			attributes = {
				LastSwiftUpdateCheck = 1220;
				LastUpgradeCheck = 1220;
				TargetAttributes = {
					165A27E3258355A100233CA9 = {
						CreatedOnToolsVersion = 12.2;
					};
				};
			};
			buildConfigurationList = 165A27DF258355A100233CA9 /* Build configuration list for PBXProject "Marble Maze" */;
			compatibilityVersion = "Xcode 9.3";
			developmentRegion = en;
			hasScannedForEncodings = 0;
			knownRegions = (
				en,
				Base,
			);
			mainGroup = 165A27DB258355A100233CA9;
			productRefGroup = 165A27E5258355A100233CA9 /* Products */;
			projectDirPath = "";
			projectRoot = "";
			targets = (
				165A27E3258355A100233CA9 /* Marble Maze */,
			);
		};
/* End PBXProject section */

/* Begin PBXResourcesBuildPhase section */
		165A27E2258355A100233CA9 /* Resources */ = {
			isa = PBXResourcesBuildPhase;
			buildActionMask = 2147483647;
			files = (
				165A27F1258355A300233CA9 /* Assets.xcassets in Resources */,
				163793202583A592005261EB /* Bump.wav in Resources */,
				163793222583A592005261EB /* GameOver.wav in Resources */,
				163793212583A592005261EB /* Reset.wav in Resources */,
				1637931F2583A592005261EB /* Powerup.wav in Resources */,
				165A27FE2583714500233CA9 /* art.scnassets in Resources */,
				165A27EF258355A100233CA9 /* Main.storyboard in Resources */,
			);
			runOnlyForDeploymentPostprocessing = 0;
		};
/* End PBXResourcesBuildPhase section */

/* Begin PBXSourcesBuildPhase section */
		165A27E0258355A100233CA9 /* Sources */ = {
			isa = PBXSourcesBuildPhase;
			buildActionMask = 2147483647;
			files = (
				1637932D2583A7B9005261EB /* GameHelper.swift in Sources */,
				165A27EC258355A100233CA9 /* GameViewController.swift in Sources */,
				1637932E2583A7B9005261EB /* SCNAction+Extensions.swift in Sources */,
				1637932C2583A7B9005261EB /* GameUtils.swift in Sources */,
				1637932F2583A7B9005261EB /* CoreMotionHelper.swift in Sources */,
				1637932B2583A7B9005261EB /* SCNVector3+Extensions.swift in Sources */,
				165A27E8258355A100233CA9 /* AppDelegate.swift in Sources */,
			);
			runOnlyForDeploymentPostprocessing = 0;
		};
/* End PBXSourcesBuildPhase section */

/* Begin PBXVariantGroup section */
		165A27ED258355A100233CA9 /* Main.storyboard */ = {
			isa = PBXVariantGroup;
			children = (
				165A27EE258355A100233CA9 /* Base */,
			);
			name = Main.storyboard;
			sourceTree = "<group>";
		};
/* End PBXVariantGroup section */

/* Begin XCBuildConfiguration section */
		165A27F3258355A300233CA9 /* Debug */ = {
			isa = XCBuildConfiguration;
			buildSettings = {
				ALWAYS_SEARCH_USER_PATHS = NO;
				CLANG_ANALYZER_NONNULL = YES;
				CLANG_ANALYZER_NUMBER_OBJECT_CONVERSION = YES_AGGRESSIVE;
				CLANG_CXX_LANGUAGE_STANDARD = "gnu++14";
				CLANG_CXX_LIBRARY = "libc++";
				CLANG_ENABLE_MODULES = YES;
				CLANG_ENABLE_OBJC_ARC = YES;
				CLANG_ENABLE_OBJC_WEAK = YES;
				CLANG_WARN_BLOCK_CAPTURE_AUTORELEASING = YES;
				CLANG_WARN_BOOL_CONVERSION = YES;
				CLANG_WARN_COMMA = YES;
				CLANG_WARN_CONSTANT_CONVERSION = YES;
				CLANG_WARN_DEPRECATED_OBJC_IMPLEMENTATIONS = YES;
				CLANG_WARN_DIRECT_OBJC_ISA_USAGE = YES_ERROR;
				CLANG_WARN_DOCUMENTATION_COMMENTS = YES;
				CLANG_WARN_EMPTY_BODY = YES;
				CLANG_WARN_ENUM_CONVERSION = YES;
				CLANG_WARN_INFINITE_RECURSION = YES;
				CLANG_WARN_INT_CONVERSION = YES;
				CLANG_WARN_NON_LITERAL_NULL_CONVERSION = YES;
				CLANG_WARN_OBJC_IMPLICIT_RETAIN_SELF = YES;
				CLANG_WARN_OBJC_LITERAL_CONVERSION = YES;
				CLANG_WARN_OBJC_ROOT_CLASS = YES_ERROR;
				CLANG_WARN_QUOTED_INCLUDE_IN_FRAMEWORK_HEADER = YES;
				CLANG_WARN_RANGE_LOOP_ANALYSIS = YES;
				CLANG_WARN_STRICT_PROTOTYPES = YES;
				CLANG_WARN_SUSPICIOUS_MOVE = YES;
				CLANG_WARN_UNGUARDED_AVAILABILITY = YES_AGGRESSIVE;
				CLANG_WARN_UNREACHABLE_CODE = YES;
				CLANG_WARN__DUPLICATE_METHOD_MATCH = YES;
				COPY_PHASE_STRIP = NO;
				DEBUG_INFORMATION_FORMAT = dwarf;
				ENABLE_STRICT_OBJC_MSGSEND = YES;
				ENABLE_TESTABILITY = YES;
				GCC_C_LANGUAGE_STANDARD = gnu11;
				GCC_DYNAMIC_NO_PIC = NO;
				GCC_NO_COMMON_BLOCKS = YES;
				GCC_OPTIMIZATION_LEVEL = 0;
				GCC_PREPROCESSOR_DEFINITIONS = (
					"DEBUG=1",
					"$(inherited)",
				);
				GCC_WARN_64_TO_32_BIT_CONVERSION = YES;
				GCC_WARN_ABOUT_RETURN_TYPE = YES_ERROR;
				GCC_WARN_UNDECLARED_SELECTOR = YES;
				GCC_WARN_UNINITIALIZED_AUTOS = YES_AGGRESSIVE;
				GCC_WARN_UNUSED_FUNCTION = YES;
				GCC_WARN_UNUSED_VARIABLE = YES;
				IPHONEOS_DEPLOYMENT_TARGET = 14.0;
				MTL_ENABLE_DEBUG_INFO = INCLUDE_SOURCE;
				MTL_FAST_MATH = YES;
				ONLY_ACTIVE_ARCH = YES;
				SDKROOT = iphoneos;
				SWIFT_ACTIVE_COMPILATION_CONDITIONS = DEBUG;
				SWIFT_OPTIMIZATION_LEVEL = "-Onone";
			};
			name = Debug;
		};
		165A27F4258355A300233CA9 /* Release */ = {
			isa = XCBuildConfiguration;
			buildSettings = {
				ALWAYS_SEARCH_USER_PATHS = NO;
				CLANG_ANALYZER_NONNULL = YES;
				CLANG_ANALYZER_NUMBER_OBJECT_CONVERSION = YES_AGGRESSIVE;
				CLANG_CXX_LANGUAGE_STANDARD = "gnu++14";
				CLANG_CXX_LIBRARY = "libc++";
				CLANG_ENABLE_MODULES = YES;
				CLANG_ENABLE_OBJC_ARC = YES;
				CLANG_ENABLE_OBJC_WEAK = YES;
				CLANG_WARN_BLOCK_CAPTURE_AUTORELEASING = YES;
				CLANG_WARN_BOOL_CONVERSION = YES;
				CLANG_WARN_COMMA = YES;
				CLANG_WARN_CONSTANT_CONVERSION = YES;
				CLANG_WARN_DEPRECATED_OBJC_IMPLEMENTATIONS = YES;
				CLANG_WARN_DIRECT_OBJC_ISA_USAGE = YES_ERROR;
				CLANG_WARN_DOCUMENTATION_COMMENTS = YES;
				CLANG_WARN_EMPTY_BODY = YES;
				CLANG_WARN_ENUM_CONVERSION = YES;
				CLANG_WARN_INFINITE_RECURSION = YES;
				CLANG_WARN_INT_CONVERSION = YES;
				CLANG_WARN_NON_LITERAL_NULL_CONVERSION = YES;
				CLANG_WARN_OBJC_IMPLICIT_RETAIN_SELF = YES;
				CLANG_WARN_OBJC_LITERAL_CONVERSION = YES;
				CLANG_WARN_OBJC_ROOT_CLASS = YES_ERROR;
				CLANG_WARN_QUOTED_INCLUDE_IN_FRAMEWORK_HEADER = YES;
				CLANG_WARN_RANGE_LOOP_ANALYSIS = YES;
				CLANG_WARN_STRICT_PROTOTYPES = YES;
				CLANG_WARN_SUSPICIOUS_MOVE = YES;
				CLANG_WARN_UNGUARDED_AVAILABILITY = YES_AGGRESSIVE;
				CLANG_WARN_UNREACHABLE_CODE = YES;
				CLANG_WARN__DUPLICATE_METHOD_MATCH = YES;
				COPY_PHASE_STRIP = NO;
				DEBUG_INFORMATION_FORMAT = "dwarf-with-dsym";
				ENABLE_NS_ASSERTIONS = NO;
				ENABLE_STRICT_OBJC_MSGSEND = YES;
				GCC_C_LANGUAGE_STANDARD = gnu11;
				GCC_NO_COMMON_BLOCKS = YES;
				GCC_WARN_64_TO_32_BIT_CONVERSION = YES;
				GCC_WARN_ABOUT_RETURN_TYPE = YES_ERROR;
				GCC_WARN_UNDECLARED_SELECTOR = YES;
				GCC_WARN_UNINITIALIZED_AUTOS = YES_AGGRESSIVE;
				GCC_WARN_UNUSED_FUNCTION = YES;
				GCC_WARN_UNUSED_VARIABLE = YES;
				IPHONEOS_DEPLOYMENT_TARGET = 14.0;
				MTL_ENABLE_DEBUG_INFO = NO;
				MTL_FAST_MATH = YES;
				SDKROOT = iphoneos;
				SWIFT_COMPILATION_MODE = wholemodule;
				SWIFT_OPTIMIZATION_LEVEL = "-O";
				VALIDATE_PRODUCT = YES;
			};
			name = Release;
		};
		165A27F6258355A300233CA9 /* Debug */ = {
			isa = XCBuildConfiguration;
			buildSettings = {
				ASSETCATALOG_COMPILER_APPICON_NAME = AppIcon;
				ASSETCATALOG_COMPILER_GLOBAL_ACCENT_COLOR_NAME = AccentColor;
				CODE_SIGN_STYLE = Automatic;
				DEVELOPMENT_TEAM = 78S4SSQ86F;
				INFOPLIST_FILE = "Marble Maze/Info.plist";
				LD_RUNPATH_SEARCH_PATHS = (
					"$(inherited)",
					"@executable_path/Frameworks",
				);
				PRODUCT_BUNDLE_IDENTIFIER = "com.garneteum.Marble-Maze";
				PRODUCT_NAME = "$(TARGET_NAME)";
				SWIFT_VERSION = 5.0;
				TARGETED_DEVICE_FAMILY = "1,2";
			};
			name = Debug;
		};
		165A27F7258355A300233CA9 /* Release */ = {
			isa = XCBuildConfiguration;
			buildSettings = {
				ASSETCATALOG_COMPILER_APPICON_NAME = AppIcon;
				ASSETCATALOG_COMPILER_GLOBAL_ACCENT_COLOR_NAME = AccentColor;
				CODE_SIGN_STYLE = Automatic;
				DEVELOPMENT_TEAM = 78S4SSQ86F;
				INFOPLIST_FILE = "Marble Maze/Info.plist";
				LD_RUNPATH_SEARCH_PATHS = (
					"$(inherited)",
					"@executable_path/Frameworks",
				);
				PRODUCT_BUNDLE_IDENTIFIER = "com.garneteum.Marble-Maze";
				PRODUCT_NAME = "$(TARGET_NAME)";
				SWIFT_VERSION = 5.0;
				TARGETED_DEVICE_FAMILY = "1,2";
			};
			name = Release;
		};
/* End XCBuildConfiguration section */

/* Begin XCConfigurationList section */
		165A27DF258355A100233CA9 /* Build configuration list for PBXProject "Marble Maze" */ = {
			isa = XCConfigurationList;
			buildConfigurations = (
				165A27F3258355A300233CA9 /* Debug */,
				165A27F4258355A300233CA9 /* Release */,
			);
			defaultConfigurationIsVisible = 0;
			defaultConfigurationName = Release;
		};
		165A27F5258355A300233CA9 /* Build configuration list for PBXNativeTarget "Marble Maze" */ = {
			isa = XCConfigurationList;
			buildConfigurations = (
				165A27F6258355A300233CA9 /* Debug */,
				165A27F7258355A300233CA9 /* Release */,
			);
			defaultConfigurationIsVisible = 0;
			defaultConfigurationName = Release;
		};
/* End XCConfigurationList section */
	};
	rootObject = 165A27DC258355A100233CA9 /* Project object */;
}
