// !$*UTF8*$!
{
	archiveVersion = 1;
	classes = {
	};
	objectVersion = 50;
	objects = {

/* Begin PBXBuildFile section */
		16043D082587F87100A314AF /* TouchController.swift in Sources */ = {isa = PBXBuildFile; fileRef = 16043D072587F87100A314AF /* TouchController.swift */; };
		162FADE92589390E00922ACF /* TC + LongJump.swift in Sources */ = {isa = PBXBuildFile; fileRef = 162FADE82589390E00922ACF /* TC + LongJump.swift */; };
		162FADED258939C300922ACF /* TC + HighJump.swift in Sources */ = {isa = PBXBuildFile; fileRef = 162FADEC258939C300922ACF /* TC + HighJump.swift */; };
		164B2CC7258E7A33000BDBE5 /* StaticModel.swift in Sources */ = {isa = PBXBuildFile; fileRef = 164B2CC6258E7A33000BDBE5 /* StaticModel.swift */; };
		166277E6258E169600DBEA6B /* GameHelper.swift in Sources */ = {isa = PBXBuildFile; fileRef = 166277E5258E169600DBEA6B /* GameHelper.swift */; };
		166277EC258E17A500DBEA6B /* MenuViewController.swift in Sources */ = {isa = PBXBuildFile; fileRef = 166277EB258E17A500DBEA6B /* MenuViewController.swift */; };
		166992382593544D00D64279 /* Hider.swift in Sources */ = {isa = PBXBuildFile; fileRef = 166992372593544D00D64279 /* Hider.swift */; };
		16701DB4258BB9D1007048BE /* NodeHelper.swift in Sources */ = {isa = PBXBuildFile; fileRef = 16701DB3258BB9D1007048BE /* NodeHelper.swift */; };
		16701DB7258BE01F007048BE /* AdditionalScnActions.swift in Sources */ = {isa = PBXBuildFile; fileRef = 16701DB6258BE01F007048BE /* AdditionalScnActions.swift */; };
		16701DE3258CDE56007048BE /* Pathfinder.swift in Sources */ = {isa = PBXBuildFile; fileRef = 16701DE2258CDE56007048BE /* Pathfinder.swift */; };
		1684B650258689A0004DB558 /* Hero.swift in Sources */ = {isa = PBXBuildFile; fileRef = 1684B64F258689A0004DB558 /* Hero.swift */; };
		16A4592C258579AD0062028B /* AppDelegate.swift in Sources */ = {isa = PBXBuildFile; fileRef = 16A4592B258579AD0062028B /* AppDelegate.swift */; };
		16A4592E258579AD0062028B /* SceneDelegate.swift in Sources */ = {isa = PBXBuildFile; fileRef = 16A4592D258579AD0062028B /* SceneDelegate.swift */; };
		16A45930258579AD0062028B /* ViewController.swift in Sources */ = {isa = PBXBuildFile; fileRef = 16A4592F258579AD0062028B /* ViewController.swift */; };
		16A45933258579AD0062028B /* Main.storyboard in Resources */ = {isa = PBXBuildFile; fileRef = 16A45931258579AD0062028B /* Main.storyboard */; };
		16A45935258579AF0062028B /* Assets.xcassets in Resources */ = {isa = PBXBuildFile; fileRef = 16A45934258579AF0062028B /* Assets.xcassets */; };
		16A45938258579AF0062028B /* LaunchScreen.storyboard in Resources */ = {isa = PBXBuildFile; fileRef = 16A45936258579AF0062028B /* LaunchScreen.storyboard */; };
		16B2C8D42595EF9600F197FC /* Enemy.swift in Sources */ = {isa = PBXBuildFile; fileRef = 16B2C8D32595EF9600F197FC /* Enemy.swift */; };
		16B2C8D925966C1900F197FC /* Joystic.swift in Sources */ = {isa = PBXBuildFile; fileRef = 16B2C8D825966C1900F197FC /* Joystic.swift */; };
		16B2C8DC259683A400F197FC /* Explosion.swift in Sources */ = {isa = PBXBuildFile; fileRef = 16B2C8DB259683A400F197FC /* Explosion.swift */; };
		16C6388B2594C89A001F6139 /* StateDetectors.swift in Sources */ = {isa = PBXBuildFile; fileRef = 16C6388A2594C89A001F6139 /* StateDetectors.swift */; };
		16C6388E2594CACB001F6139 /* Camera.swift in Sources */ = {isa = PBXBuildFile; fileRef = 16C6388D2594CACB001F6139 /* Camera.swift */; };
		16C638912594CAF4001F6139 /* Collision.swift in Sources */ = {isa = PBXBuildFile; fileRef = 16C638902594CAF4001F6139 /* Collision.swift */; };
		16C638B225954F41001F6139 /* HUD.swift in Sources */ = {isa = PBXBuildFile; fileRef = 16C638B125954F41001F6139 /* HUD.swift */; };
		16E27C2F258AB8CD005965E8 /* MovingDirection.swift in Sources */ = {isa = PBXBuildFile; fileRef = 16E27C2E258AB8CD005965E8 /* MovingDirection.swift */; };
		16E27C3C258AB9EB005965E8 /* Mech.scnassets in Resources */ = {isa = PBXBuildFile; fileRef = 16E27C3B258AB9EB005965E8 /* Mech.scnassets */; };
		16F69CEC258ABE9C00061B7F /* Mech.scnassets in Resources */ = {isa = PBXBuildFile; fileRef = 16F69CEB258ABE9700061B7F /* Mech.scnassets */; };
/* End PBXBuildFile section */

/* Begin PBXFileReference section */
		16043D072587F87100A314AF /* TouchController.swift */ = {isa = PBXFileReference; fileEncoding = 4; lastKnownFileType = sourcecode.swift; path = TouchController.swift; sourceTree = "<group>"; };
		162FADE82589390E00922ACF /* TC + LongJump.swift */ = {isa = PBXFileReference; lastKnownFileType = sourcecode.swift; path = "TC + LongJump.swift"; sourceTree = "<group>"; };
		162FADEC258939C300922ACF /* TC + HighJump.swift */ = {isa = PBXFileReference; lastKnownFileType = sourcecode.swift; path = "TC + HighJump.swift"; sourceTree = "<group>"; };
		164B2CC6258E7A33000BDBE5 /* StaticModel.swift */ = {isa = PBXFileReference; lastKnownFileType = sourcecode.swift; path = StaticModel.swift; sourceTree = "<group>"; };
		166277E5258E169600DBEA6B /* GameHelper.swift */ = {isa = PBXFileReference; lastKnownFileType = sourcecode.swift; path = GameHelper.swift; sourceTree = "<group>"; };
		166277EB258E17A500DBEA6B /* MenuViewController.swift */ = {isa = PBXFileReference; lastKnownFileType = sourcecode.swift; path = MenuViewController.swift; sourceTree = "<group>"; };
		166992372593544D00D64279 /* Hider.swift */ = {isa = PBXFileReference; lastKnownFileType = sourcecode.swift; path = Hider.swift; sourceTree = "<group>"; };
		16701DB3258BB9D1007048BE /* NodeHelper.swift */ = {isa = PBXFileReference; lastKnownFileType = sourcecode.swift; path = NodeHelper.swift; sourceTree = "<group>"; };
		16701DB6258BE01F007048BE /* AdditionalScnActions.swift */ = {isa = PBXFileReference; lastKnownFileType = sourcecode.swift; path = AdditionalScnActions.swift; sourceTree = "<group>"; };
		16701DE2258CDE56007048BE /* Pathfinder.swift */ = {isa = PBXFileReference; lastKnownFileType = sourcecode.swift; path = Pathfinder.swift; sourceTree = "<group>"; };
		1684B64F258689A0004DB558 /* Hero.swift */ = {isa = PBXFileReference; lastKnownFileType = sourcecode.swift; path = Hero.swift; sourceTree = "<group>"; };
		16A45928258579AD0062028B /* TestMechanic.app */ = {isa = PBXFileReference; explicitFileType = wrapper.application; includeInIndex = 0; path = TestMechanic.app; sourceTree = BUILT_PRODUCTS_DIR; };
		16A4592B258579AD0062028B /* AppDelegate.swift */ = {isa = PBXFileReference; lastKnownFileType = sourcecode.swift; path = AppDelegate.swift; sourceTree = "<group>"; };
		16A4592D258579AD0062028B /* SceneDelegate.swift */ = {isa = PBXFileReference; lastKnownFileType = sourcecode.swift; path = SceneDelegate.swift; sourceTree = "<group>"; };
		16A4592F258579AD0062028B /* ViewController.swift */ = {isa = PBXFileReference; lastKnownFileType = sourcecode.swift; path = ViewController.swift; sourceTree = "<group>"; };
		16A45932258579AD0062028B /* Base */ = {isa = PBXFileReference; lastKnownFileType = file.storyboard; name = Base; path = Base.lproj/Main.storyboard; sourceTree = "<group>"; };
		16A45934258579AF0062028B /* Assets.xcassets */ = {isa = PBXFileReference; lastKnownFileType = folder.assetcatalog; path = Assets.xcassets; sourceTree = "<group>"; };
		16A45937258579AF0062028B /* Base */ = {isa = PBXFileReference; lastKnownFileType = file.storyboard; name = Base; path = Base.lproj/LaunchScreen.storyboard; sourceTree = "<group>"; };
		16A45939258579AF0062028B /* Info.plist */ = {isa = PBXFileReference; lastKnownFileType = text.plist.xml; path = Info.plist; sourceTree = "<group>"; };
		16B2C8D32595EF9600F197FC /* Enemy.swift */ = {isa = PBXFileReference; lastKnownFileType = sourcecode.swift; path = Enemy.swift; sourceTree = "<group>"; };
		16B2C8D825966C1900F197FC /* Joystic.swift */ = {isa = PBXFileReference; lastKnownFileType = sourcecode.swift; path = Joystic.swift; sourceTree = "<group>"; };
		16B2C8DB259683A400F197FC /* Explosion.swift */ = {isa = PBXFileReference; lastKnownFileType = sourcecode.swift; path = Explosion.swift; sourceTree = "<group>"; };
		16C6388A2594C89A001F6139 /* StateDetectors.swift */ = {isa = PBXFileReference; lastKnownFileType = sourcecode.swift; path = StateDetectors.swift; sourceTree = "<group>"; };
		16C6388D2594CACB001F6139 /* Camera.swift */ = {isa = PBXFileReference; lastKnownFileType = sourcecode.swift; path = Camera.swift; sourceTree = "<group>"; };
		16C638902594CAF4001F6139 /* Collision.swift */ = {isa = PBXFileReference; lastKnownFileType = sourcecode.swift; path = Collision.swift; sourceTree = "<group>"; };
		16C638B125954F41001F6139 /* HUD.swift */ = {isa = PBXFileReference; lastKnownFileType = sourcecode.swift; path = HUD.swift; sourceTree = "<group>"; };
		16E27C2E258AB8CD005965E8 /* MovingDirection.swift */ = {isa = PBXFileReference; fileEncoding = 4; lastKnownFileType = sourcecode.swift; path = MovingDirection.swift; sourceTree = "<group>"; };
		16E27C3B258AB9EB005965E8 /* Mech.scnassets */ = {isa = PBXFileReference; lastKnownFileType = wrapper.scnassets; path = Mech.scnassets; sourceTree = "<group>"; };
		16F69CEB258ABE9700061B7F /* Mech.scnassets */ = {isa = PBXFileReference; lastKnownFileType = wrapper.scnassets; path = Mech.scnassets; sourceTree = "<group>"; };
/* End PBXFileReference section */

/* Begin PBXFrameworksBuildPhase section */
		16A45925258579AD0062028B /* Frameworks */ = {
			isa = PBXFrameworksBuildPhase;
			buildActionMask = 2147483647;
			files = (
			);
			runOnlyForDeploymentPostprocessing = 0;
		};
/* End PBXFrameworksBuildPhase section */

/* Begin PBXGroup section */
		164B2CC5258E7A17000BDBE5 /* Perfomance */ = {
			isa = PBXGroup;
			children = (
				164B2CC6258E7A33000BDBE5 /* StaticModel.swift */,
			);
			path = Perfomance;
			sourceTree = "<group>";
		};
		166277E4258E168000DBEA6B /* Game Utils */ = {
			isa = PBXGroup;
			children = (
				166277E5258E169600DBEA6B /* GameHelper.swift */,
			);
			path = "Game Utils";
			sourceTree = "<group>";
		};
		166277E9258E179000DBEA6B /* View Controllers */ = {
			isa = PBXGroup;
			children = (
				16A4592F258579AD0062028B /* ViewController.swift */,
				166277EB258E17A500DBEA6B /* MenuViewController.swift */,
				166992372593544D00D64279 /* Hider.swift */,
				16C6388A2594C89A001F6139 /* StateDetectors.swift */,
				16C6388D2594CACB001F6139 /* Camera.swift */,
				16C638902594CAF4001F6139 /* Collision.swift */,
				16C638B125954F41001F6139 /* HUD.swift */,
				16B2C8D32595EF9600F197FC /* Enemy.swift */,
				16B2C8D825966C1900F197FC /* Joystic.swift */,
				16B2C8DB259683A400F197FC /* Explosion.swift */,
			);
			path = "View Controllers";
			sourceTree = "<group>";
		};
		16701DB2258BB9BF007048BE /* Node Helper */ = {
			isa = PBXGroup;
			children = (
				16701DB3258BB9D1007048BE /* NodeHelper.swift */,
			);
			path = "Node Helper";
			sourceTree = "<group>";
		};
		16701DE1258CDE3E007048BE /* Pathfind */ = {
			isa = PBXGroup;
			children = (
				16701DE2258CDE56007048BE /* Pathfinder.swift */,
			);
			path = Pathfind;
			sourceTree = "<group>";
		};
		1684B64E25868996004DB558 /* Model */ = {
			isa = PBXGroup;
			children = (
				1684B64F258689A0004DB558 /* Hero.swift */,
			);
			path = Model;
			sourceTree = "<group>";
		};
		16A4591F258579AD0062028B = {
			isa = PBXGroup;
			children = (
				16A4592A258579AD0062028B /* TestMechanic */,
				16A45929258579AD0062028B /* Products */,
			);
			sourceTree = "<group>";
		};
		16A45929258579AD0062028B /* Products */ = {
			isa = PBXGroup;
			children = (
				16A45928258579AD0062028B /* TestMechanic.app */,
			);
			name = Products;
			sourceTree = "<group>";
		};
		16A4592A258579AD0062028B /* TestMechanic */ = {
			isa = PBXGroup;
			children = (
				164B2CC5258E7A17000BDBE5 /* Perfomance */,
				166277E9258E179000DBEA6B /* View Controllers */,
				166277E4258E168000DBEA6B /* Game Utils */,
				16701DE1258CDE3E007048BE /* Pathfind */,
				16701DB2258BB9BF007048BE /* Node Helper */,
				1684B64E25868996004DB558 /* Model */,
				16E27C2E258AB8CD005965E8 /* MovingDirection.swift */,
				16043D072587F87100A314AF /* TouchController.swift */,
				162FADE82589390E00922ACF /* TC + LongJump.swift */,
				162FADEC258939C300922ACF /* TC + HighJump.swift */,
				16A4592B258579AD0062028B /* AppDelegate.swift */,
				16A4592D258579AD0062028B /* SceneDelegate.swift */,
				16A45931258579AD0062028B /* Main.storyboard */,
				16701DB6258BE01F007048BE /* AdditionalScnActions.swift */,
				16A45934258579AF0062028B /* Assets.xcassets */,
				16A45936258579AF0062028B /* LaunchScreen.storyboard */,
				16E27C3B258AB9EB005965E8 /* Mech.scnassets */,
				16F69CEB258ABE9700061B7F /* Mech.scnassets */,
				16A45939258579AF0062028B /* Info.plist */,
			);
			path = TestMechanic;
			sourceTree = "<group>";
		};
/* End PBXGroup section */

/* Begin PBXNativeTarget section */
		16A45927258579AD0062028B /* TestMechanic */ = {
			isa = PBXNativeTarget;
			buildConfigurationList = 16A4593C258579AF0062028B /* Build configuration list for PBXNativeTarget "TestMechanic" */;
			buildPhases = (
				16A45924258579AD0062028B /* Sources */,
				16A45925258579AD0062028B /* Frameworks */,
				16A45926258579AD0062028B /* Resources */,
			);
			buildRules = (
			);
			dependencies = (
			);
			name = TestMechanic;
			productName = TestMechanic;
			productReference = 16A45928258579AD0062028B /* TestMechanic.app */;
			productType = "com.apple.product-type.application";
		};
/* End PBXNativeTarget section */

/* Begin PBXProject section */
		16A45920258579AD0062028B /* Project object */ = {
			isa = PBXProject;
			attributes = {
				LastSwiftUpdateCheck = 1220;
				LastUpgradeCheck = 1220;
				TargetAttributes = {
					16A45927258579AD0062028B = {
						CreatedOnToolsVersion = 12.2;
					};
				};
			};
			buildConfigurationList = 16A45923258579AD0062028B /* Build configuration list for PBXProject "TestMechanic" */;
			compatibilityVersion = "Xcode 9.3";
			developmentRegion = en;
			hasScannedForEncodings = 0;
			knownRegions = (
				en,
				Base,
			);
			mainGroup = 16A4591F258579AD0062028B;
			productRefGroup = 16A45929258579AD0062028B /* Products */;
			projectDirPath = "";
			projectRoot = "";
			targets = (
				16A45927258579AD0062028B /* TestMechanic */,
			);
		};
/* End PBXProject section */

/* Begin PBXResourcesBuildPhase section */
		16A45926258579AD0062028B /* Resources */ = {
			isa = PBXResourcesBuildPhase;
			buildActionMask = 2147483647;
			files = (
				16A45938258579AF0062028B /* LaunchScreen.storyboard in Resources */,
				16A45935258579AF0062028B /* Assets.xcassets in Resources */,
				16A45933258579AD0062028B /* Main.storyboard in Resources */,
				16E27C3C258AB9EB005965E8 /* Mech.scnassets in Resources */,
				16F69CEC258ABE9C00061B7F /* Mech.scnassets in Resources */,
			);
			runOnlyForDeploymentPostprocessing = 0;
		};
/* End PBXResourcesBuildPhase section */

/* Begin PBXSourcesBuildPhase section */
		16A45924258579AD0062028B /* Sources */ = {
			isa = PBXSourcesBuildPhase;
			buildActionMask = 2147483647;
			files = (
				16A45930258579AD0062028B /* ViewController.swift in Sources */,
				166277EC258E17A500DBEA6B /* MenuViewController.swift in Sources */,
				162FADED258939C300922ACF /* TC + HighJump.swift in Sources */,
				166992382593544D00D64279 /* Hider.swift in Sources */,
				16E27C2F258AB8CD005965E8 /* MovingDirection.swift in Sources */,
				16701DB4258BB9D1007048BE /* NodeHelper.swift in Sources */,
				164B2CC7258E7A33000BDBE5 /* StaticModel.swift in Sources */,
				166277E6258E169600DBEA6B /* GameHelper.swift in Sources */,
				1684B650258689A0004DB558 /* Hero.swift in Sources */,
				16C638912594CAF4001F6139 /* Collision.swift in Sources */,
				16701DB7258BE01F007048BE /* AdditionalScnActions.swift in Sources */,
				16B2C8D925966C1900F197FC /* Joystic.swift in Sources */,
				16C6388E2594CACB001F6139 /* Camera.swift in Sources */,
				16B2C8D42595EF9600F197FC /* Enemy.swift in Sources */,
				162FADE92589390E00922ACF /* TC + LongJump.swift in Sources */,
				16A4592C258579AD0062028B /* AppDelegate.swift in Sources */,
				16A4592E258579AD0062028B /* SceneDelegate.swift in Sources */,
				16B2C8DC259683A400F197FC /* Explosion.swift in Sources */,
				16C6388B2594C89A001F6139 /* StateDetectors.swift in Sources */,
				16C638B225954F41001F6139 /* HUD.swift in Sources */,
				16043D082587F87100A314AF /* TouchController.swift in Sources */,
				16701DE3258CDE56007048BE /* Pathfinder.swift in Sources */,
			);
			runOnlyForDeploymentPostprocessing = 0;
		};
/* End PBXSourcesBuildPhase section */

/* Begin PBXVariantGroup section */
		16A45931258579AD0062028B /* Main.storyboard */ = {
			isa = PBXVariantGroup;
			children = (
				16A45932258579AD0062028B /* Base */,
			);
			name = Main.storyboard;
			sourceTree = "<group>";
		};
		16A45936258579AF0062028B /* LaunchScreen.storyboard */ = {
			isa = PBXVariantGroup;
			children = (
				16A45937258579AF0062028B /* Base */,
			);
			name = LaunchScreen.storyboard;
			sourceTree = "<group>";
		};
/* End PBXVariantGroup section */

/* Begin XCBuildConfiguration section */
		16A4593A258579AF0062028B /* Debug */ = {
			isa = XCBuildConfiguration;
			buildSettings = {
				ALWAYS_SEARCH_USER_PATHS = NO;
				CLANG_ANALYZER_NONNULL = YES;
				CLANG_ANALYZER_NUMBER_OBJECT_CONVERSION = YES_AGGRESSIVE;
				CLANG_CXX_LANGUAGE_STANDARD = "gnu++14";
				CLANG_CXX_LIBRARY = "libc++";
				CLANG_ENABLE_MODULES = YES;
				CLANG_ENABLE_OBJC_ARC = YES;
				CLANG_ENABLE_OBJC_WEAK = YES;
				CLANG_WARN_BLOCK_CAPTURE_AUTORELEASING = YES;
				CLANG_WARN_BOOL_CONVERSION = YES;
				CLANG_WARN_COMMA = YES;
				CLANG_WARN_CONSTANT_CONVERSION = YES;
				CLANG_WARN_DEPRECATED_OBJC_IMPLEMENTATIONS = YES;
				CLANG_WARN_DIRECT_OBJC_ISA_USAGE = YES_ERROR;
				CLANG_WARN_DOCUMENTATION_COMMENTS = YES;
				CLANG_WARN_EMPTY_BODY = YES;
				CLANG_WARN_ENUM_CONVERSION = YES;
				CLANG_WARN_INFINITE_RECURSION = YES;
				CLANG_WARN_INT_CONVERSION = YES;
				CLANG_WARN_NON_LITERAL_NULL_CONVERSION = YES;
				CLANG_WARN_OBJC_IMPLICIT_RETAIN_SELF = YES;
				CLANG_WARN_OBJC_LITERAL_CONVERSION = YES;
				CLANG_WARN_OBJC_ROOT_CLASS = YES_ERROR;
				CLANG_WARN_QUOTED_INCLUDE_IN_FRAMEWORK_HEADER = YES;
				CLANG_WARN_RANGE_LOOP_ANALYSIS = YES;
				CLANG_WARN_STRICT_PROTOTYPES = YES;
				CLANG_WARN_SUSPICIOUS_MOVE = YES;
				CLANG_WARN_UNGUARDED_AVAILABILITY = YES_AGGRESSIVE;
				CLANG_WARN_UNREACHABLE_CODE = YES;
				CLANG_WARN__DUPLICATE_METHOD_MATCH = YES;
				COPY_PHASE_STRIP = NO;
				DEBUG_INFORMATION_FORMAT = dwarf;
				ENABLE_STRICT_OBJC_MSGSEND = YES;
				ENABLE_TESTABILITY = YES;
				GCC_C_LANGUAGE_STANDARD = gnu11;
				GCC_DYNAMIC_NO_PIC = NO;
				GCC_NO_COMMON_BLOCKS = YES;
				GCC_OPTIMIZATION_LEVEL = 0;
				GCC_PREPROCESSOR_DEFINITIONS = (
					"DEBUG=1",
					"$(inherited)",
				);
				GCC_WARN_64_TO_32_BIT_CONVERSION = YES;
				GCC_WARN_ABOUT_RETURN_TYPE = YES_ERROR;
				GCC_WARN_UNDECLARED_SELECTOR = YES;
				GCC_WARN_UNINITIALIZED_AUTOS = YES_AGGRESSIVE;
				GCC_WARN_UNUSED_FUNCTION = YES;
				GCC_WARN_UNUSED_VARIABLE = YES;
				IPHONEOS_DEPLOYMENT_TARGET = 13.5;
				MTL_ENABLE_DEBUG_INFO = INCLUDE_SOURCE;
				MTL_FAST_MATH = YES;
				ONLY_ACTIVE_ARCH = YES;
				SDKROOT = iphoneos;
				SWIFT_ACTIVE_COMPILATION_CONDITIONS = DEBUG;
				SWIFT_OPTIMIZATION_LEVEL = "-Onone";
			};
			name = Debug;
		};
		16A4593B258579AF0062028B /* Release */ = {
			isa = XCBuildConfiguration;
			buildSettings = {
				ALWAYS_SEARCH_USER_PATHS = NO;
				CLANG_ANALYZER_NONNULL = YES;
				CLANG_ANALYZER_NUMBER_OBJECT_CONVERSION = YES_AGGRESSIVE;
				CLANG_CXX_LANGUAGE_STANDARD = "gnu++14";
				CLANG_CXX_LIBRARY = "libc++";
				CLANG_ENABLE_MODULES = YES;
				CLANG_ENABLE_OBJC_ARC = YES;
				CLANG_ENABLE_OBJC_WEAK = YES;
				CLANG_WARN_BLOCK_CAPTURE_AUTORELEASING = YES;
				CLANG_WARN_BOOL_CONVERSION = YES;
				CLANG_WARN_COMMA = YES;
				CLANG_WARN_CONSTANT_CONVERSION = YES;
				CLANG_WARN_DEPRECATED_OBJC_IMPLEMENTATIONS = YES;
				CLANG_WARN_DIRECT_OBJC_ISA_USAGE = YES_ERROR;
				CLANG_WARN_DOCUMENTATION_COMMENTS = YES;
				CLANG_WARN_EMPTY_BODY = YES;
				CLANG_WARN_ENUM_CONVERSION = YES;
				CLANG_WARN_INFINITE_RECURSION = YES;
				CLANG_WARN_INT_CONVERSION = YES;
				CLANG_WARN_NON_LITERAL_NULL_CONVERSION = YES;
				CLANG_WARN_OBJC_IMPLICIT_RETAIN_SELF = YES;
				CLANG_WARN_OBJC_LITERAL_CONVERSION = YES;
				CLANG_WARN_OBJC_ROOT_CLASS = YES_ERROR;
				CLANG_WARN_QUOTED_INCLUDE_IN_FRAMEWORK_HEADER = YES;
				CLANG_WARN_RANGE_LOOP_ANALYSIS = YES;
				CLANG_WARN_STRICT_PROTOTYPES = YES;
				CLANG_WARN_SUSPICIOUS_MOVE = YES;
				CLANG_WARN_UNGUARDED_AVAILABILITY = YES_AGGRESSIVE;
				CLANG_WARN_UNREACHABLE_CODE = YES;
				CLANG_WARN__DUPLICATE_METHOD_MATCH = YES;
				COPY_PHASE_STRIP = NO;
				DEBUG_INFORMATION_FORMAT = "dwarf-with-dsym";
				ENABLE_NS_ASSERTIONS = NO;
				ENABLE_STRICT_OBJC_MSGSEND = YES;
				GCC_C_LANGUAGE_STANDARD = gnu11;
				GCC_NO_COMMON_BLOCKS = YES;
				GCC_WARN_64_TO_32_BIT_CONVERSION = YES;
				GCC_WARN_ABOUT_RETURN_TYPE = YES_ERROR;
				GCC_WARN_UNDECLARED_SELECTOR = YES;
				GCC_WARN_UNINITIALIZED_AUTOS = YES_AGGRESSIVE;
				GCC_WARN_UNUSED_FUNCTION = YES;
				GCC_WARN_UNUSED_VARIABLE = YES;
				IPHONEOS_DEPLOYMENT_TARGET = 13.5;
				MTL_ENABLE_DEBUG_INFO = NO;
				MTL_FAST_MATH = YES;
				SDKROOT = iphoneos;
				SWIFT_COMPILATION_MODE = wholemodule;
				SWIFT_OPTIMIZATION_LEVEL = "-O";
				VALIDATE_PRODUCT = YES;
			};
			name = Release;
		};
		16A4593D258579AF0062028B /* Debug */ = {
			isa = XCBuildConfiguration;
			buildSettings = {
				ASSETCATALOG_COMPILER_APPICON_NAME = AppIcon;
				ASSETCATALOG_COMPILER_GLOBAL_ACCENT_COLOR_NAME = AccentColor;
				CODE_SIGN_STYLE = Automatic;
				DEVELOPMENT_TEAM = 78S4SSQ86F;
				INFOPLIST_FILE = TestMechanic/Info.plist;
				LD_RUNPATH_SEARCH_PATHS = (
					"$(inherited)",
					"@executable_path/Frameworks",
				);
				PRODUCT_BUNDLE_IDENTIFIER = com.garneteum.TestMechanic;
				PRODUCT_NAME = "$(TARGET_NAME)";
				SWIFT_VERSION = 5.0;
				TARGETED_DEVICE_FAMILY = "1,2";
			};
			name = Debug;
		};
		16A4593E258579AF0062028B /* Release */ = {
			isa = XCBuildConfiguration;
			buildSettings = {
				ASSETCATALOG_COMPILER_APPICON_NAME = AppIcon;
				ASSETCATALOG_COMPILER_GLOBAL_ACCENT_COLOR_NAME = AccentColor;
				CODE_SIGN_STYLE = Automatic;
				DEVELOPMENT_TEAM = 78S4SSQ86F;
				INFOPLIST_FILE = TestMechanic/Info.plist;
				LD_RUNPATH_SEARCH_PATHS = (
					"$(inherited)",
					"@executable_path/Frameworks",
				);
				PRODUCT_BUNDLE_IDENTIFIER = com.garneteum.TestMechanic;
				PRODUCT_NAME = "$(TARGET_NAME)";
				SWIFT_VERSION = 5.0;
				TARGETED_DEVICE_FAMILY = "1,2";
			};
			name = Release;
		};
/* End XCBuildConfiguration section */

/* Begin XCConfigurationList section */
		16A45923258579AD0062028B /* Build configuration list for PBXProject "TestMechanic" */ = {
			isa = XCConfigurationList;
			buildConfigurations = (
				16A4593A258579AF0062028B /* Debug */,
				16A4593B258579AF0062028B /* Release */,
			);
			defaultConfigurationIsVisible = 0;
			defaultConfigurationName = Release;
		};
		16A4593C258579AF0062028B /* Build configuration list for PBXNativeTarget "TestMechanic" */ = {
			isa = XCConfigurationList;
			buildConfigurations = (
				16A4593D258579AF0062028B /* Debug */,
				16A4593E258579AF0062028B /* Release */,
			);
			defaultConfigurationIsVisible = 0;
			defaultConfigurationName = Release;
		};
/* End XCConfigurationList section */
	};
	rootObject = 16A45920258579AD0062028B /* Project object */;
}
